
Microsoft Visual Studio Solution File, Format Version 12.00
# Visual Studio Version 17
VisualStudioVersion = 17.5.002.0
MinimumVisualStudioVersion = 10.0.40219.1
Project("{2150E333-8FDC-42A3-9474-1A3956D46DE8}") = "csharp-prep", "csharp-prep", "{A6045B71-30BF-4DF3-B360-C2550A097A9E}"
EndProject
Project("{9A19103F-16F7-4668-BE54-9A1E7A4F7556}") = "Prep1", "csharp-prep\Prep1\Prep1.csproj", "{B8140DBC-B7D4-4468-B36C-D3C2F4469578}"
EndProject
Project("{9A19103F-16F7-4668-BE54-9A1E7A4F7556}") = "Prep2", "csharp-prep\Prep2\Prep2.csproj", "{FF04EF70-1231-4C41-A2C8-5029A598C4B9}"
EndProject
Project("{9A19103F-16F7-4668-BE54-9A1E7A4F7556}") = "Prep3", "csharp-prep\Prep3\Prep3.csproj", "{AB7E29D3-8ACD-43B6-A6AC-A054D293FAA0}"
EndProject
Project("{9A19103F-16F7-4668-BE54-9A1E7A4F7556}") = "Prep4", "csharp-prep\Prep4\Prep4.csproj", "{693CB55C-7E22-4CC1-BEBE-F7657AB2046F}"
EndProject
Project("{9A19103F-16F7-4668-BE54-9A1E7A4F7556}") = "Prep5", "csharp-prep\Prep5\Prep5.csproj", "{144A0976-8FA9-478C-A466-339E4C5FAC84}"
EndProject
Project("{2150E333-8FDC-42A3-9474-1A3956D46DE8}") = "final", "final", "{16AD641E-E96C-4E52-9498-74A90627CE2E}"
EndProject
Project("{9A19103F-16F7-4668-BE54-9A1E7A4F7556}") = "FinalProject", "final\FinalProject\FinalProject.csproj", "{EB4E871C-35AA-4B64-B4E1-4BFD4792632B}"
EndProject
Project("{9A19103F-16F7-4668-BE54-9A1E7A4F7556}") = "Foundation1", "final\Foundation1\Foundation1.csproj", "{463B7D2C-2F7F-46B2-80D4-0E2D3B200199}"
EndProject
Project("{9A19103F-16F7-4668-BE54-9A1E7A4F7556}") = "Foundation2", "final\Foundation2\Foundation2.csproj", "{44B3840D-EB51-45CA-AB29-741821FA3999}"
EndProject
Project("{9A19103F-16F7-4668-BE54-9A1E7A4F7556}") = "Foundation3", "final\Foundation3\Foundation3.csproj", "{AB11C3A4-EF28-45FF-8364-4A8E864FCD35}"
EndProject
Project("{9A19103F-16F7-4668-BE54-9A1E7A4F7556}") = "Foundation4", "final\Foundation4\Foundation4.csproj", "{AAFEDCD5-045A-48CF-9026-ED94B76BA5EE}"
EndProject
Project("{2150E333-8FDC-42A3-9474-1A3956D46DE8}") = "prepare", "prepare", "{9D78E904-3422-4065-A8F6-CF9F7080F9E1}"
EndProject
Project("{9A19103F-16F7-4668-BE54-9A1E7A4F7556}") = "Learning02", "prepare\Learning02\Learning02.csproj", "{BE517DE1-7F06-48F9-A5B6-3BB3CCE0DA17}"
EndProject
Project("{9A19103F-16F7-4668-BE54-9A1E7A4F7556}") = "Learning03", "prepare\Learning03\Learning03.csproj", "{DA8B49E2-274C-4BDF-A0DD-096CDEB8CC29}"
EndProject
Project("{9A19103F-16F7-4668-BE54-9A1E7A4F7556}") = "Learning04", "prepare\Learning04\Learning04.csproj", "{51E01903-6092-4F1C-BBEB-8F33295F18B8}"
EndProject
Project("{9A19103F-16F7-4668-BE54-9A1E7A4F7556}") = "Learning05", "prepare\Learning05\Learning05.csproj", "{BF7C933F-F1E8-4CE7-977B-895089093403}"
EndProject
Project("{2150E333-8FDC-42A3-9474-1A3956D46DE8}") = "prove", "prove", "{AA3D580A-0CBE-496C-BF5C-4F95B2FCFB9B}"
EndProject
Project("{9A19103F-16F7-4668-BE54-9A1E7A4F7556}") = "Develop02", "prove\Develop02\Develop02.csproj", "{50C445C5-26A0-4487-A140-0CB4CD42E340}"
EndProject
Project("{9A19103F-16F7-4668-BE54-9A1E7A4F7556}") = "Develop03", "prove\Develop03\Develop03.csproj", "{1136C6C4-99CE-429A-AC7B-E5E2138DEF98}"
EndProject
Project("{9A19103F-16F7-4668-BE54-9A1E7A4F7556}") = "Develop04", "prove\Develop04\Develop04.csproj", "{9B6D3F48-4DF5-43C1-8ADB-C9DF9A942775}"
EndProject
Project("{9A19103F-16F7-4668-BE54-9A1E7A4F7556}") = "Develop05", "prove\Develop05\Develop05.csproj", "{64C4A024-46E1-4CBA-98D5-3D548C5C54BC}"
EndProject
Project("{2150E333-8FDC-42A3-9474-1A3956D46DE8}") = "sandbox", "sandbox", "{EAFCDAA3-5CB8-4627-9588-6C9844C6EF41}"
EndProject
Project("{9A19103F-16F7-4668-BE54-9A1E7A4F7556}") = "Sandbox", "sandbox\Sandbox\Sandbox.csproj", "{51FBF74A-D418-406E-AB41-40560C75368C}"
EndProject
Global
	GlobalSection(SolutionConfigurationPlatforms) = preSolution
		Debug|Any CPU = Debug|Any CPU
		Release|Any CPU = Release|Any CPU
	EndGlobalSection
	GlobalSection(ProjectConfigurationPlatforms) = postSolution
		{B8140DBC-B7D4-4468-B36C-D3C2F4469578}.Debug|Any CPU.ActiveCfg = Debug|Any CPU
		{B8140DBC-B7D4-4468-B36C-D3C2F4469578}.Debug|Any CPU.Build.0 = Debug|Any CPU
		{B8140DBC-B7D4-4468-B36C-D3C2F4469578}.Release|Any CPU.ActiveCfg = Release|Any CPU
		{B8140DBC-B7D4-4468-B36C-D3C2F4469578}.Release|Any CPU.Build.0 = Release|Any CPU
		{FF04EF70-1231-4C41-A2C8-5029A598C4B9}.Debug|Any CPU.ActiveCfg = Debug|Any CPU
		{FF04EF70-1231-4C41-A2C8-5029A598C4B9}.Debug|Any CPU.Build.0 = Debug|Any CPU
		{FF04EF70-1231-4C41-A2C8-5029A598C4B9}.Release|Any CPU.ActiveCfg = Release|Any CPU
		{FF04EF70-1231-4C41-A2C8-5029A598C4B9}.Release|Any CPU.Build.0 = Release|Any CPU
		{AB7E29D3-8ACD-43B6-A6AC-A054D293FAA0}.Debug|Any CPU.ActiveCfg = Debug|Any CPU
		{AB7E29D3-8ACD-43B6-A6AC-A054D293FAA0}.Debug|Any CPU.Build.0 = Debug|Any CPU
		{AB7E29D3-8ACD-43B6-A6AC-A054D293FAA0}.Release|Any CPU.ActiveCfg = Release|Any CPU
		{AB7E29D3-8ACD-43B6-A6AC-A054D293FAA0}.Release|Any CPU.Build.0 = Release|Any CPU
		{693CB55C-7E22-4CC1-BEBE-F7657AB2046F}.Debug|Any CPU.ActiveCfg = Debug|Any CPU
		{693CB55C-7E22-4CC1-BEBE-F7657AB2046F}.Debug|Any CPU.Build.0 = Debug|Any CPU
		{693CB55C-7E22-4CC1-BEBE-F7657AB2046F}.Release|Any CPU.ActiveCfg = Release|Any CPU
		{693CB55C-7E22-4CC1-BEBE-F7657AB2046F}.Release|Any CPU.Build.0 = Release|Any CPU
		{144A0976-8FA9-478C-A466-339E4C5FAC84}.Debug|Any CPU.ActiveCfg = Debug|Any CPU
		{144A0976-8FA9-478C-A466-339E4C5FAC84}.Debug|Any CPU.Build.0 = Debug|Any CPU
		{144A0976-8FA9-478C-A466-339E4C5FAC84}.Release|Any CPU.ActiveCfg = Release|Any CPU
		{144A0976-8FA9-478C-A466-339E4C5FAC84}.Release|Any CPU.Build.0 = Release|Any CPU
		{EB4E871C-35AA-4B64-B4E1-4BFD4792632B}.Debug|Any CPU.ActiveCfg = Debug|Any CPU
		{EB4E871C-35AA-4B64-B4E1-4BFD4792632B}.Debug|Any CPU.Build.0 = Debug|Any CPU
		{EB4E871C-35AA-4B64-B4E1-4BFD4792632B}.Release|Any CPU.ActiveCfg = Release|Any CPU
		{EB4E871C-35AA-4B64-B4E1-4BFD4792632B}.Release|Any CPU.Build.0 = Release|Any CPU
		{463B7D2C-2F7F-46B2-80D4-0E2D3B200199}.Debug|Any CPU.ActiveCfg = Debug|Any CPU
		{463B7D2C-2F7F-46B2-80D4-0E2D3B200199}.Debug|Any CPU.Build.0 = Debug|Any CPU
		{463B7D2C-2F7F-46B2-80D4-0E2D3B200199}.Release|Any CPU.ActiveCfg = Release|Any CPU
		{463B7D2C-2F7F-46B2-80D4-0E2D3B200199}.Release|Any CPU.Build.0 = Release|Any CPU
		{44B3840D-EB51-45CA-AB29-741821FA3999}.Debug|Any CPU.ActiveCfg = Debug|Any CPU
		{44B3840D-EB51-45CA-AB29-741821FA3999}.Debug|Any CPU.Build.0 = Debug|Any CPU
		{44B3840D-EB51-45CA-AB29-741821FA3999}.Release|Any CPU.ActiveCfg = Release|Any CPU
		{44B3840D-EB51-45CA-AB29-741821FA3999}.Release|Any CPU.Build.0 = Release|Any CPU
		{AB11C3A4-EF28-45FF-8364-4A8E864FCD35}.Debug|Any CPU.ActiveCfg = Debug|Any CPU
		{AB11C3A4-EF28-45FF-8364-4A8E864FCD35}.Debug|Any CPU.Build.0 = Debug|Any CPU
		{AB11C3A4-EF28-45FF-8364-4A8E864FCD35}.Release|Any CPU.ActiveCfg = Release|Any CPU
		{AB11C3A4-EF28-45FF-8364-4A8E864FCD35}.Release|Any CPU.Build.0 = Release|Any CPU
		{AAFEDCD5-045A-48CF-9026-ED94B76BA5EE}.Debug|Any CPU.ActiveCfg = Debug|Any CPU
		{AAFEDCD5-045A-48CF-9026-ED94B76BA5EE}.Debug|Any CPU.Build.0 = Debug|Any CPU
		{AAFEDCD5-045A-48CF-9026-ED94B76BA5EE}.Release|Any CPU.ActiveCfg = Release|Any CPU
		{AAFEDCD5-045A-48CF-9026-ED94B76BA5EE}.Release|Any CPU.Build.0 = Release|Any CPU
		{BE517DE1-7F06-48F9-A5B6-3BB3CCE0DA17}.Debug|Any CPU.ActiveCfg = Debug|Any CPU
		{BE517DE1-7F06-48F9-A5B6-3BB3CCE0DA17}.Debug|Any CPU.Build.0 = Debug|Any CPU
		{BE517DE1-7F06-48F9-A5B6-3BB3CCE0DA17}.Release|Any CPU.ActiveCfg = Release|Any CPU
		{BE517DE1-7F06-48F9-A5B6-3BB3CCE0DA17}.Release|Any CPU.Build.0 = Release|Any CPU
		{DA8B49E2-274C-4BDF-A0DD-096CDEB8CC29}.Debug|Any CPU.ActiveCfg = Debug|Any CPU
		{DA8B49E2-274C-4BDF-A0DD-096CDEB8CC29}.Debug|Any CPU.Build.0 = Debug|Any CPU
		{DA8B49E2-274C-4BDF-A0DD-096CDEB8CC29}.Release|Any CPU.ActiveCfg = Release|Any CPU
		{DA8B49E2-274C-4BDF-A0DD-096CDEB8CC29}.Release|Any CPU.Build.0 = Release|Any CPU
		{51E01903-6092-4F1C-BBEB-8F33295F18B8}.Debug|Any CPU.ActiveCfg = Debug|Any CPU
		{51E01903-6092-4F1C-BBEB-8F33295F18B8}.Debug|Any CPU.Build.0 = Debug|Any CPU
		{51E01903-6092-4F1C-BBEB-8F33295F18B8}.Release|Any CPU.ActiveCfg = Release|Any CPU
		{51E01903-6092-4F1C-BBEB-8F33295F18B8}.Release|Any CPU.Build.0 = Release|Any CPU
		{BF7C933F-F1E8-4CE7-977B-895089093403}.Debug|Any CPU.ActiveCfg = Debug|Any CPU
		{BF7C933F-F1E8-4CE7-977B-895089093403}.Debug|Any CPU.Build.0 = Debug|Any CPU
		{BF7C933F-F1E8-4CE7-977B-895089093403}.Release|Any CPU.ActiveCfg = Release|Any CPU
		{BF7C933F-F1E8-4CE7-977B-895089093403}.Release|Any CPU.Build.0 = Release|Any CPU
		{50C445C5-26A0-4487-A140-0CB4CD42E340}.Debug|Any CPU.ActiveCfg = Debug|Any CPU
		{50C445C5-26A0-4487-A140-0CB4CD42E340}.Debug|Any CPU.Build.0 = Debug|Any CPU
		{50C445C5-26A0-4487-A140-0CB4CD42E340}.Release|Any CPU.ActiveCfg = Release|Any CPU
		{50C445C5-26A0-4487-A140-0CB4CD42E340}.Release|Any CPU.Build.0 = Release|Any CPU
		{1136C6C4-99CE-429A-AC7B-E5E2138DEF98}.Debug|Any CPU.ActiveCfg = Debug|Any CPU
		{1136C6C4-99CE-429A-AC7B-E5E2138DEF98}.Debug|Any CPU.Build.0 = Debug|Any CPU
		{1136C6C4-99CE-429A-AC7B-E5E2138DEF98}.Release|Any CPU.ActiveCfg = Release|Any CPU
		{1136C6C4-99CE-429A-AC7B-E5E2138DEF98}.Release|Any CPU.Build.0 = Release|Any CPU
		{9B6D3F48-4DF5-43C1-8ADB-C9DF9A942775}.Debug|Any CPU.ActiveCfg = Debug|Any CPU
		{9B6D3F48-4DF5-43C1-8ADB-C9DF9A942775}.Debug|Any CPU.Build.0 = Debug|Any CPU
		{9B6D3F48-4DF5-43C1-8ADB-C9DF9A942775}.Release|Any CPU.ActiveCfg = Release|Any CPU
		{9B6D3F48-4DF5-43C1-8ADB-C9DF9A942775}.Release|Any CPU.Build.0 = Release|Any CPU
		{64C4A024-46E1-4CBA-98D5-3D548C5C54BC}.Debug|Any CPU.ActiveCfg = Debug|Any CPU
		{64C4A024-46E1-4CBA-98D5-3D548C5C54BC}.Debug|Any CPU.Build.0 = Debug|Any CPU
		{64C4A024-46E1-4CBA-98D5-3D548C5C54BC}.Release|Any CPU.ActiveCfg = Release|Any CPU
		{64C4A024-46E1-4CBA-98D5-3D548C5C54BC}.Release|Any CPU.Build.0 = Release|Any CPU
		{51FBF74A-D418-406E-AB41-40560C75368C}.Debug|Any CPU.ActiveCfg = Debug|Any CPU
		{51FBF74A-D418-406E-AB41-40560C75368C}.Debug|Any CPU.Build.0 = Debug|Any CPU
		{51FBF74A-D418-406E-AB41-40560C75368C}.Release|Any CPU.ActiveCfg = Release|Any CPU
		{51FBF74A-D418-406E-AB41-40560C75368C}.Release|Any CPU.Build.0 = Release|Any CPU
	EndGlobalSection
	GlobalSection(SolutionProperties) = preSolution
		HideSolutionNode = FALSE
	EndGlobalSection
	GlobalSection(NestedProjects) = preSolution
		{B8140DBC-B7D4-4468-B36C-D3C2F4469578} = {A6045B71-30BF-4DF3-B360-C2550A097A9E}
		{FF04EF70-1231-4C41-A2C8-5029A598C4B9} = {A6045B71-30BF-4DF3-B360-C2550A097A9E}
		{AB7E29D3-8ACD-43B6-A6AC-A054D293FAA0} = {A6045B71-30BF-4DF3-B360-C2550A097A9E}
		{693CB55C-7E22-4CC1-BEBE-F7657AB2046F} = {A6045B71-30BF-4DF3-B360-C2550A097A9E}
		{144A0976-8FA9-478C-A466-339E4C5FAC84} = {A6045B71-30BF-4DF3-B360-C2550A097A9E}
		{EB4E871C-35AA-4B64-B4E1-4BFD4792632B} = {16AD641E-E96C-4E52-9498-74A90627CE2E}
		{463B7D2C-2F7F-46B2-80D4-0E2D3B200199} = {16AD641E-E96C-4E52-9498-74A90627CE2E}
		{44B3840D-EB51-45CA-AB29-741821FA3999} = {16AD641E-E96C-4E52-9498-74A90627CE2E}
		{AB11C3A4-EF28-45FF-8364-4A8E864FCD35} = {16AD641E-E96C-4E52-9498-74A90627CE2E}
		{AAFEDCD5-045A-48CF-9026-ED94B76BA5EE} = {16AD641E-E96C-4E52-9498-74A90627CE2E}
		{BE517DE1-7F06-48F9-A5B6-3BB3CCE0DA17} = {9D78E904-3422-4065-A8F6-CF9F7080F9E1}
		{DA8B49E2-274C-4BDF-A0DD-096CDEB8CC29} = {9D78E904-3422-4065-A8F6-CF9F7080F9E1}
		{51E01903-6092-4F1C-BBEB-8F33295F18B8} = {9D78E904-3422-4065-A8F6-CF9F7080F9E1}
		{BF7C933F-F1E8-4CE7-977B-895089093403} = {9D78E904-3422-4065-A8F6-CF9F7080F9E1}
		{50C445C5-26A0-4487-A140-0CB4CD42E340} = {AA3D580A-0CBE-496C-BF5C-4F95B2FCFB9B}
		{1136C6C4-99CE-429A-AC7B-E5E2138DEF98} = {AA3D580A-0CBE-496C-BF5C-4F95B2FCFB9B}
		{9B6D3F48-4DF5-43C1-8ADB-C9DF9A942775} = {AA3D580A-0CBE-496C-BF5C-4F95B2FCFB9B}
		{64C4A024-46E1-4CBA-98D5-3D548C5C54BC} = {AA3D580A-0CBE-496C-BF5C-4F95B2FCFB9B}
		{51FBF74A-D418-406E-AB41-40560C75368C} = {EAFCDAA3-5CB8-4627-9588-6C9844C6EF41}
	EndGlobalSection
	GlobalSection(ExtensibilityGlobals) = postSolution
		SolutionGuid = {FE872AEF-F642-4438-8360-A126F897FD6D}
	EndGlobalSection
EndGlobal
